<?xml version="1.0" encoding="UTF-8"?>
<Scheme
   LastUpgradeVersion = "1430"
   version = "1.3">
   <BuildAction
      parallelizeBuildables = "YES"
      buildImplicitDependencies = "YES">
      <BuildActionEntries>
         <BuildActionEntry
            buildForTesting = "YES"
            buildForRunning = "YES"
            buildForProfiling = "YES"
            buildForArchiving = "YES"
            buildForAnalyzing = "YES">
            <BuildableReference
               BuildableIdentifier = "primary"
               BlueprintIdentifier = "FDEBE4E7064B4090703FE8F0"
               BuildableName = "Responder.app"
               BlueprintName = "Responder"
               ReferencedContainer = "container:Responder.xcodeproj">
            </BuildableReference>
         </BuildActionEntry>
      </BuildActionEntries>
   </BuildAction>
   <TestAction
      buildConfiguration = "Debug"
      selectedDebuggerIdentifier = "Xcode.DebuggerFoundation.Debugger.LLDB"
      selectedLauncherIdentifier = "Xcode.DebuggerFoundation.Launcher.LLDB"
      shouldUseLaunchSchemeArgsEnv = "YES">
      <MacroExpansion>
         <BuildableReference
            BuildableIdentifier = "primary"
            BlueprintIdentifier = "FDEBE4E7064B4090703FE8F0"
            BuildableName = "Responder.app"
            BlueprintName = "Responder"
            ReferencedContainer = "container:Responder.xcodeproj">
         </BuildableReference>
      </MacroExpansion>
      <Testables>
         <TestableReference
            skipped = "NO"
            parallelizable = "NO">
            <BuildableReference
               BuildableIdentifier = "primary"
               BlueprintIdentifier = "8EB8755C9D235BA37EFF0CF7"
               BuildableName = "ResponderTests.xctest"
               BlueprintName = "ResponderTests"
               ReferencedContainer = "container:Responder.xcodeproj">
            </BuildableReference>
         </TestableReference>
      </Testables>
   </TestAction>
   <LaunchAction
      buildConfiguration = "Debug"
      selectedDebuggerIdentifier = "Xcode.DebuggerFoundation.Debugger.LLDB"
      selectedLauncherIdentifier = "Xcode.DebuggerFoundation.Launcher.LLDB"
      launchStyle = "0"
      useCustomWorkingDirectory = "NO"
      ignoresPersistentStateOnLaunch = "NO"
      debugDocumentVersioning = "YES"
      debugServiceExtension = "internal"
      allowLocationSimulation = "YES">
      <BuildableProductRunnable
         runnableDebuggingMode = "0">
         <BuildableReference
            BuildableIdentifier = "primary"
            BlueprintIdentifier = "FDEBE4E7064B4090703FE8F0"
            BuildableName = "Responder.app"
            BlueprintName = "Responder"
            ReferencedContainer = "container:Responder.xcodeproj">
         </BuildableReference>
      </BuildableProductRunnable>
      <CommandLineArguments>
         <CommandLineArgument
            argument = ""
            isEnabled = "YES">
         </CommandLineArgument>
      </CommandLineArguments>
      <EnvironmentVariables>
         <EnvironmentVariable
            key = "RESPONDER_AUDIO_ENGINE"
            value = "APPLE"
            isEnabled = "YES">
         </EnvironmentVariable>
         <EnvironmentVariable
            key = "RESPONDER_STT_TIMEOUT_SECONDS"
            value = "12"
            isEnabled = "YES">
         </EnvironmentVariable>
         <EnvironmentVariable
            key = "RESPONDER_AUDIO_USER_PROMPT"
            value = "Transcribe this audio in English."
            isEnabled = "YES">
         </EnvironmentVariable>
         <EnvironmentVariable
            key = "RESPONDER_STT_ON_HOLD"
            value = "false"
            isEnabled = "YES">
         </EnvironmentVariable>
         <EnvironmentVariable
            key = "ZETIC_PERSONAL_KEY"
            value = "dev_64a4ff00f42f4d518d241f4f89513c49"
            isEnabled = "YES">
         </EnvironmentVariable>
         <EnvironmentVariable
            key = "RESPONDER_FRAME_STREAM_ENABLED"
            value = "true"
            isEnabled = "YES">
         </EnvironmentVariable>
         <EnvironmentVariable
            key = "RESPONDER_FRAME_STREAM_WS_URL"
            value = "ws://10.30.75.222:8787"
            isEnabled = "YES">
         </EnvironmentVariable>
         <EnvironmentVariable
            key = "RESPONDER_FRAME_STREAM_ROOM_ID"
            value = "cam-03"
            isEnabled = "YES">
         </EnvironmentVariable>
         <EnvironmentVariable
            key = "RESPONDER_FRAME_STREAM_FPS"
            value = "15"
            isEnabled = "YES">
         </EnvironmentVariable>
         <EnvironmentVariable
            key = "RESPONDER_FRAME_STREAM_JPEG_QUALITY"
            value = ".4"
            isEnabled = "YES">
         </EnvironmentVariable>
      </EnvironmentVariables>
   </LaunchAction>
   <ProfileAction
      buildConfiguration = "Release"
      shouldUseLaunchSchemeArgsEnv = "YES"
      savedToolIdentifier = ""
      useCustomWorkingDirectory = "NO"
      debugDocumentVersioning = "YES">
      <BuildableProductRunnable
         runnableDebuggingMode = "0">
         <BuildableReference
            BuildableIdentifier = "primary"
            BlueprintIdentifier = "FDEBE4E7064B4090703FE8F0"
            BuildableName = "Responder.app"
            BlueprintName = "Responder"
            ReferencedContainer = "container:Responder.xcodeproj">
         </BuildableReference>
      </BuildableProductRunnable>
   </ProfileAction>
   <AnalyzeAction
      buildConfiguration = "Debug">
   </AnalyzeAction>
   <ArchiveAction
      buildConfiguration = "Release"
      revealArchiveInOrganizer = "YES">
   </ArchiveAction>
</Scheme>
