{
  "originHash" : "1d8f04d0c969ff8d755361a26da4bb0e10b863f9e5c22ac66c4f5b73f0fb402b",
  "pins" : [
    {
      "identity" : "sqlitevec",
      "kind" : "remoteSourceControl",
      "location" : "https://github.com/jkrukowski/SQLiteVec",
      "state" : {
        "revision" : "1504246d0900db950a5065f43fce964bf4adceda",
        "version" : "0.0.14"
      }
    },
    {
      "identity" : "webrtc",
      "kind" : "remoteSourceControl",
      "location" : "https://github.com/stasel/WebRTC.git",
      "state" : {
        "branch" : "latest",
        "revision" : "e8b5efb9d921a7d3044d3928ae235b8846436e41"
      }
    },
    {
      "identity" : "zeticmlangeios",
      "kind" : "remoteSourceControl",
      "location" : "https://github.com/zetic-ai/ZeticMLangeiOS.git",
      "state" : {
        "revision" : "73be12abd9bfce1a9f6a07e9e5c74c8547e42fa9",
        "version" : "1.7.0-beta.1"
      }
    }
  ],
  "version" : 3
}
